{
  "name": "mono",
  "version": "0.0.0",
  "lockfileVersion": 3,
  "requires": true,
  "packages": {
    "": { "name": "mono", "version": "0.0.0", "workspaces": ["packages/*"], "dependencies": { "axios": "1.5.0" } },
    "node_modules/@mono/ui": { "resolved": "packages/ui", "link": true },
    "node_modules/@mono/web": { "resolved": "packages/web", "link": true },
    "node_modules/axios": { "version": "1.5.0", "resolved": "https://registry.npmjs.org/axios/-/axios-1.5.0.tgz", "dependencies": { "follow-redirects": "^1.15.0", "form-data": "^4.0.0", "proxy-from-env": "^1.1.0" } },
    "node_modules/semver": { "version": "7.5.4", "resolved": "https://registry.npmjs.org/semver/-/semver-7.5.4.tgz" },
    "packages/ui": { "name": "@mono/ui", "version": "2.1.0", "dependencies": { "semver": "7.5.4" } },
    "packages/web": { "name": "@mono/web", "version": "0.1.0", "dependencies": { "@mono/ui": "*", "axios": "1.1.3" } },
    "packages/web/node_modules/axios": { "version": "1.1.3", "resolved": "https://registry.npmjs.org/axios/-/axios-1.1.3.tgz", "dependencies": { "follow-redirects": "^1.15.0", "form-data": "^4.0.0", "proxy-from-env": "^1.1.0" } }
  }
}
