# This file is generated by running "yarn install" inside your project.
# Manual changes might be lost - proceed with caution!

__metadata:
  version: 4
  cacheKey: 7

"@tanstack/query-core@npm:5.0.0":
  version: 5.0.0
  resolution: "@tanstack/query-core@npm:5.0.0"
  checksum: c547e8fe18242933de33f2bf7f3de3a1db0a5294182c7216c5c5170b3d8591d260a6fd1f9b6c191d2b006b68768e6fcd18f7fe7c5cf22bf222566b5fe171ef72
  languageName: node
  linkType: hard

"@tanstack/react-query@npm:5.0.0":
  version: 5.0.0
  resolution: "@tanstack/react-query@npm:5.0.0"
  dependencies:
    "@tanstack/query-core": 5.0.0
  peerDependencies:
    react: ^18.0.0
    react-dom: ^18.0.0
    react-native: "*"
  peerDependenciesMeta:
    react-dom:
      optional: true
    react-native:
      optional: true
  checksum: 0e8d29fce7acf03e9a7c8877378c880bf2c769bcbb51438890aa2784a00b8e6e3412f2302637e49c41a11ab26ccb8dbf23e897330286ede876ee1c7162da782d
  languageName: node
  linkType: hard

"ansi-regex@npm:^5.0.1":
  version: 5.0.1
  resolution: "ansi-regex@npm:5.0.1"
  checksum: c944e1229f022a2071f7477ea425964328c577d2c752083fe564ea0513b6d733c9ec65102f6d4d2b54cba0cb2dc969648b60d567abeff13dc95ecc0b9b97737d
  languageName: node
  linkType: hard

"async-function@npm:^1.0.0":
  version: 1.0.0
  resolution: "async-function@npm:1.0.0"
  checksum: ee47e2a250a8541aa110f2b18cd17d6e44fe9234c88a4f19a9419cc3231495aed515efea01376158edb4f7d8ab7d4bdb3d7a19dbdc3355126a1d779cc64cab7b
  languageName: node
  linkType: hard

"async-generator-function@npm:^1.0.0":
  version: 1.0.0
  resolution: "async-generator-function@npm:1.0.0"
  checksum: 1066131c229bb1b342c983bbf6df0a5088a8e96114b796a6f481a541348f006af22de1b4c1ccc520cf7b5fa98f9ac470bde17df438659e6b2cc06c4f7863d72b
  languageName: node
  linkType: hard

"asynckit@npm:^0.4.0":
  version: 0.4.0
  resolution: "asynckit@npm:0.4.0"
  checksum: a024000b9ddd938e2f27b3cb8188f96a5e1fff58185e98b84862fc4e01de279a547874a800340c2b106bb9de9b0fc61c6c683bc6892abf65e6be29a96addafd3
  languageName: node
  linkType: hard

"axios@npm:1.1.3":
  version: 1.1.3
  resolution: "axios@npm:1.1.3"
  dependencies:
    follow-redirects: ^1.15.0
    form-data: ^4.0.0
    proxy-from-env: ^1.1.0
  checksum: 2bdf3f4229135723661048a44bc24986bfbe67dcab9ae81be8b0baf8ce98461adef9e47f4359df55b63974d8b8c48d2042fde421f4fa11e9deec3e8ee11882d6
  languageName: node
  linkType: hard

"call-bind-apply-helpers@npm:^1.0.1, call-bind-apply-helpers@npm:^1.0.2":
  version: 1.0.2
  resolution: "call-bind-apply-helpers@npm:1.0.2"
  dependencies:
    es-errors: ^1.3.0
    function-bind: ^1.1.2
  checksum: b58a3cc822e9742648fc4d18df636384a2a08acdb512ffea01b4614fa2ff016a95dafc882bf52ccdd0110380042752f9265e09a661b43c466b756d75cddbe294
  languageName: node
  linkType: hard

"combined-stream@npm:^1.0.8":
  version: 1.0.8
  resolution: "combined-stream@npm:1.0.8"
  dependencies:
    delayed-stream: ~1.0.0
  checksum: 5791ce7944530f0db74a97e77ea28b6fdbf89afcf038e41d6b4195019c4c803cd19ed2905a54959e5b3830d50bd5d6f93c681c6d3aaea8614ad43b48e62e9d65
  languageName: node
  linkType: hard

"delayed-stream@npm:~1.0.0":
  version: 1.0.0
  resolution: "delayed-stream@npm:1.0.0"
  checksum: d9dfb0a7c79fd308fada9db2cf29d1ff22047ceb50dd78f7e3c173567909b438f418259cb76a6d9c9f513e88ef41d3a14154f618741ec8368c3efeff616d0c9f
  languageName: node
  linkType: hard

"dunder-proto@npm:^1.0.1":
  version: 1.0.1
  resolution: "dunder-proto@npm:1.0.1"
  dependencies:
    call-bind-apply-helpers: ^1.0.1
    es-errors: ^1.3.0
    gopd: ^1.2.0
  checksum: d20bcc72d24bbae170dd9ed9c04c6584b9493df2056dafad9fb07c9c9eebf74fa3a2aea4f93ce6dbcb6c7460c633d2f3d60af066c3f6adfd84269f4394c4208c
  languageName: node
  linkType: hard

"emoji-regex@npm:^8.0.0":
  version: 8.0.0
  resolution: "emoji-regex@npm:8.0.0"
  checksum: 87cf3f89efb8ba028075b3dc1713e2c5609af94cbc129b1f00c3113d01dbe4bf85c9d971e75a98bf8a8508131727682ce929e4bd70e9022af4fd47d75e9507de
  languageName: node
  linkType: hard

"es-define-property@npm:^1.0.1":
  version: 1.0.1
  resolution: "es-define-property@npm:1.0.1"
  checksum: 4fce443ce67af19891aa1c4b232307ef673a4285107eaf16b2fae8ca709090da4a5cc68cb05e8c8efb5dcdf97e81f9c8bbeb4eea2a30719620170eed432aa4db
  languageName: node
  linkType: hard

"es-errors@npm:^1.3.0":
  version: 1.3.0
  resolution: "es-errors@npm:1.3.0"
  checksum: 46c70b612dd7441b73035ecc7ca7bd18695377bf1928a1d2676672d6fb0275ebf0a7b4ac0d40ceb2929a2ea54e877058b9ac77c15d2affa9910644e2cd5562c2
  languageName: node
  linkType: hard

"es-object-atoms@npm:^1.0.0, es-object-atoms@npm:^1.1.1":
  version: 1.1.2
  resolution: "es-object-atoms@npm:1.1.2"
  dependencies:
    es-errors: ^1.3.0
  checksum: 15d3dee1ab947f9ea092f3ac11c79f23207765ed721fc7afcfd29f7ec12b45aca84fd3cb83d8f32b595f929a5203dda5a9238f3eabb1854f8c3a4c00b90d849c
  languageName: node
  linkType: hard

"es-set-tostringtag@npm:^2.1.0":
  version: 2.1.0
  resolution: "es-set-tostringtag@npm:2.1.0"
  dependencies:
    es-errors: ^1.3.0
    get-intrinsic: ^1.2.6
    has-tostringtag: ^1.0.2
    hasown: ^2.0.2
  checksum: bed748e74f8728bbc1925de6e166d0f6913bf0986cb8294c7c88f21bd710c0b1cacd6933b8bb09a270ada94d0a66c0972d8c2dd0eede51073ac6088901876fde
  languageName: node
  linkType: hard

"follow-redirects@npm:^1.15.0":
  version: 1.16.0
  resolution: "follow-redirects@npm:1.16.0"
  peerDependenciesMeta:
    debug:
      optional: true
  checksum: 3d4556fedad728f84f9854993effff2e4ebab055585f234160b06b1f490ef569c0ae3a489073bfc3a136abbc9983c4c2d457ac667d0dfc7f04e6c0aa1b40f42e
  languageName: node
  linkType: hard

"form-data@npm:^4.0.0":
  version: 4.0.6
  resolution: "form-data@npm:4.0.6"
  dependencies:
    asynckit: ^0.4.0
    combined-stream: ^1.0.8
    es-set-tostringtag: ^2.1.0
    hasown: ^2.0.4
    mime-types: ^2.1.35
  checksum: be1abccfdb262ccc41112bda433ac57ebe01735f0ee01c5d522d32d71e84081f68e556a5362c64590e744ad8b2e1ed134b4d4bc3fe1c5d2497b42b5ac979eaf0
  languageName: node
  linkType: hard

"function-bind@npm:^1.1.2":
  version: 1.1.2
  resolution: "function-bind@npm:1.1.2"
  checksum: 0d0c3d1dbe839454b444f2b9ee49cfdc35e40ed48c46658ad7f45d7e8621479adad93195fdd509860c5a339a69e2ffd9312d2e2ddb8671c248c9ff2942124468
  languageName: node
  linkType: hard

"generator-function@npm:^2.0.0":
  version: 2.0.1
  resolution: "generator-function@npm:2.0.1"
  checksum: 9a0a841b37ccbec4be431bce561684142e3d154c5f50cb441952b12b593215f756fbc04097eb0d32e32282d37e67eb6c11c1927344c60008450250efd62b7d0e
  languageName: node
  linkType: hard

"get-intrinsic@npm:^1.2.6":
  version: 1.3.1
  resolution: "get-intrinsic@npm:1.3.1"
  dependencies:
    async-function: ^1.0.0
    async-generator-function: ^1.0.0
    call-bind-apply-helpers: ^1.0.2
    es-define-property: ^1.0.1
    es-errors: ^1.3.0
    es-object-atoms: ^1.1.1
    function-bind: ^1.1.2
    generator-function: ^2.0.0
    get-proto: ^1.0.1
    gopd: ^1.2.0
    has-symbols: ^1.1.0
    hasown: ^2.0.2
    math-intrinsics: ^1.1.0
  checksum: e127cccc582bddcea69be3c6578e409c8fe73ad20d9d6c1f3c8648b2e49e593eb7b7fe67df8d532d63c81406042af6e9c79d725030ec402f6f27316efefc7b47
  languageName: node
  linkType: hard

"get-proto@npm:^1.0.1":
  version: 1.0.1
  resolution: "get-proto@npm:1.0.1"
  dependencies:
    dunder-proto: ^1.0.1
    es-object-atoms: ^1.0.0
  checksum: b5b4331454085b7157dc7bad827243e726ecc9bb53c6dd965c6b624c448c80cd6f37af1b261ead4bf4fa3b6868b72e2acc5b845e9659eabdffab5b02831eeb80
  languageName: node
  linkType: hard

"gopd@npm:^1.2.0":
  version: 1.2.0
  resolution: "gopd@npm:1.2.0"
  checksum: 3159932a241cc9bb5f53a76e8efa36f0ce0e66d89a6ae41430a8797cf87935f487fce3a5113321d88a57023550556941582f7c539433c9c7872e76e99f10d867
  languageName: node
  linkType: hard

"has-symbols@npm:^1.0.3, has-symbols@npm:^1.1.0":
  version: 1.1.0
  resolution: "has-symbols@npm:1.1.0"
  checksum: eae5c93a43c5d887a83c4b3245fbf9f77fe52f9684ad8f33ff9b6e746ff2e2082f4acf5f33aed426e44491bcbc173a3527fc498238f12bf2c8f29df86cf8d2eb
  languageName: node
  linkType: hard

"has-tostringtag@npm:^1.0.2":
  version: 1.0.2
  resolution: "has-tostringtag@npm:1.0.2"
  dependencies:
    has-symbols: ^1.0.3
  checksum: da205dff6b62a8f7f11df448557bb0f0b23a4e41a9e2e4d17c1b24fdb308ca6268fde29a57702056dff919e46551ef1834b63874ab1733dcd63b77fe2984809a
  languageName: node
  linkType: hard

"hasown@npm:^2.0.2, hasown@npm:^2.0.4":
  version: 2.0.4
  resolution: "hasown@npm:2.0.4"
  dependencies:
    function-bind: ^1.1.2
  checksum: 3a7736fae069b9f3d4dda622c703a4340d47596cdc016d5172aa51589a211091fe8db681fee60cfd28915ca034170ddadfd736398fd9c930d3ad6a286aa637c9
  languageName: node
  linkType: hard

"is-fullwidth-code-point@npm:^3.0.0":
  version: 3.0.0
  resolution: "is-fullwidth-code-point@npm:3.0.0"
  checksum: a01a19ecac34386ae3a4e801c5639d6e31082d1ddc418e7cd96317fef3c8b24ec8531558e9d3d35b33551ab9c5cf20bf2cdefa583927b7ff60c27c8d7c216063
  languageName: node
  linkType: hard

"js-tokens@npm:^3.0.0 || ^4.0.0":
  version: 4.0.0
  resolution: "js-tokens@npm:4.0.0"
  checksum: 1fc4e4667ac2d972aba65148b9cbf9c17566b2394d3504238d8492bbd3e68f496c657eab06b26b40b17db5cac0a34d153a12130e2d2d2bb6dc2cdc8a4764eb1b
  languageName: node
  linkType: hard

"loose-envify@npm:^1.1.0":
  version: 1.4.0
  resolution: "loose-envify@npm:1.4.0"
  dependencies:
    js-tokens: ^3.0.0 || ^4.0.0
  bin:
    loose-envify: cli.js
  checksum: 5c3b47bbe5f597a3889fb001a3a98aaea2a3fafa48089c19034de1e0121bf57dbee609d184478514d74d5c5a7e9cfa3d846343455e5123b060040d46c39e91dc
  languageName: node
  linkType: hard

"math-intrinsics@npm:^1.1.0":
  version: 1.1.0
  resolution: "math-intrinsics@npm:1.1.0"
  checksum: 85a07274fa128499337332398a00131e0e6d1ea1531b159b6eca0af0e42b0a043e2f604165a7f13bc2bf3d281c83b5427fcd8b21f9b8b2b2fc216ec04dec5ef3
  languageName: node
  linkType: hard

"mime-db@npm:1.52.0":
  version: 1.52.0
  resolution: "mime-db@npm:1.52.0"
  checksum: cfa3f12a40091755ec89f2fb50d361952acf2d9acb72b8cfc5b1c1a8581fa1b906929410db8ab834f9d8dd913fe0083e58900d6b8570803b42cf16499ed57b08
  languageName: node
  linkType: hard

"mime-types@npm:^2.1.35":
  version: 2.1.35
  resolution: "mime-types@npm:2.1.35"
  dependencies:
    mime-db: 1.52.0
  checksum: 1cbad57696e48f729add20e242f03f8b956a42a3e6e2ecd3ff74fe50ad8308d175961f88e117996dd5ec96b2d64ec69646206ddfc3dae02a629b6b2129e5e30c
  languageName: node
  linkType: hard

"proxy-from-env@npm:^1.1.0":
  version: 1.1.0
  resolution: "proxy-from-env@npm:1.1.0"
  checksum: 6459372a57f3e8ef5211f7847ca2fffabcdd6490005892fcc0dcd62fe2b3551900c8a07fad7df9de3897547b1ab4ac7a7197964cd6fa7e76303caa4936bfaf32
  languageName: node
  linkType: hard

"react-dom@npm:18.2.0":
  version: 18.2.0
  resolution: "react-dom@npm:18.2.0"
  dependencies:
    loose-envify: ^1.1.0
    scheduler: ^0.23.0
  peerDependencies:
    react: ^18.2.0
  checksum: bfe02102c59eedc368c7102ccd9c8e4c69bba7cc566cc589bb26ceb99eca73031d1f21bbfe01e65201a387476114a5daf670d97645e568d615762929f35de9d1
  languageName: node
  linkType: hard

"react@npm:18.2.0":
  version: 18.2.0
  resolution: "react@npm:18.2.0"
  dependencies:
    loose-envify: ^1.1.0
  checksum: dbb7de0b4d887dd4e4a1442753d7486db884cb41c5724a4cb40a71cb43af34a4e0d6fb160eebc22bffc614398d5143dd25852dde07e3ec4b3c2567c749d89eb8
  languageName: node
  linkType: hard

"scheduler@npm:^0.23.0":
  version: 0.23.2
  resolution: "scheduler@npm:0.23.2"
  dependencies:
    loose-envify: ^1.1.0
  checksum: e2e5a8532540df17f3b9d5478326c1720595df0902d82866fc576748914c4beb41d68c2ddec0c35fd9991d63578c034234fcd7b73e18ea152660cb1489b38a5e
  languageName: node
  linkType: hard

"semver@npm:^7.5.4":
  version: 7.8.5
  resolution: "semver@npm:7.8.5"
  bin:
    semver: bin/semver.js
  checksum: 1795a426166788358ece9e480eb43a2df9cf3ffc95368dac72c06f0da5d54531fd100c0f858f719b02d2d0f8c95369c09d851a46ebded35dbdddc22a42e17934
  languageName: node
  linkType: hard

"string-width-cjs@npm:string-width@^4.2.0":
  version: 4.2.3
  resolution: "string-width@npm:4.2.3"
  dependencies:
    emoji-regex: ^8.0.0
    is-fullwidth-code-point: ^3.0.0
    strip-ansi: ^6.0.1
  checksum: 748c97988904505fc6af52ccdf6f354445c714c38d067f22e0cdc6a3ad3d9c5ea29582ef9a6277dc7a813775bb48390ea064b488913239d58601b6d1fcb725b4
  languageName: node
  linkType: hard

"strip-ansi@npm:^6.0.1":
  version: 6.0.1
  resolution: "strip-ansi@npm:6.0.1"
  dependencies:
    ansi-regex: ^5.0.1
  checksum: 9d3061240b03abe5beaf403893464fdc924f43664debe822d5e9146b56c1398b88003f8afdb97eb0cea955c568f6bbfa4923d2b2a08a3a079fd09ee3b5402efb
  languageName: node
  linkType: hard

"yarn-app@workspace:.":
  version: 0.0.0-use.local
  resolution: "yarn-app@workspace:."
  dependencies:
    "@tanstack/react-query": 5.0.0
    axios: 1.1.3
    react: 18.2.0
    react-dom: 18.2.0
    semver: ^7.5.4
    string-width-cjs: "npm:string-width@^4.2.0"
  languageName: unknown
  linkType: soft
